
Microsoft Visual Studio Solution File, Format Version 11.00
# Visual C# Express 2010
Project("{FAE04EC0-301F-11D3-BF4B-00C04F79EFBC}") = "GameRebuild", "GameRebuild\GameRebuild\GameRebuild.csproj", "{FE0C62DB-FFE0-413D-AE41-57B7BBABD896}"
EndProject
Project("{96E2B04D-8817-42C6-938A-82C39BA4D311}") = "GameRebuildContent", "GameRebuild\GameRebuildContent\GameRebuildContent.contentproj", "{4E177DFE-9B71-4A62-837E-AD8EBA41949D}"
EndProject
Global
	GlobalSection(SolutionConfigurationPlatforms) = preSolution
		Debug|x86 = Debug|x86
		Release|x86 = Release|x86
	EndGlobalSection
	GlobalSection(ProjectConfigurationPlatforms) = postSolution
		{FE0C62DB-FFE0-413D-AE41-57B7BBABD896}.Debug|x86.ActiveCfg = Debug|x86
		{FE0C62DB-FFE0-413D-AE41-57B7BBABD896}.Debug|x86.Build.0 = Debug|x86
		{FE0C62DB-FFE0-413D-AE41-57B7BBABD896}.Release|x86.ActiveCfg = Release|x86
		{FE0C62DB-FFE0-413D-AE41-57B7BBABD896}.Release|x86.Build.0 = Release|x86
		{4E177DFE-9B71-4A62-837E-AD8EBA41949D}.Debug|x86.ActiveCfg = Debug|x86
		{4E177DFE-9B71-4A62-837E-AD8EBA41949D}.Release|x86.ActiveCfg = Release|x86
	EndGlobalSection
	GlobalSection(SolutionProperties) = preSolution
		HideSolutionNode = FALSE
	EndGlobalSection
EndGlobal
