
Microsoft Visual Studio Solution File, Format Version 11.00
# Visual C# Express 2010
Project("{FAE04EC0-301F-11D3-BF4B-00C04F79EFBC}") = "WindowsGame2", "WindowsGame2\WindowsGame2\WindowsGame2.csproj", "{B762EF73-D099-4DAE-A1A7-184BBD7BE93B}"
EndProject
Project("{96E2B04D-8817-42C6-938A-82C39BA4D311}") = "WindowsGame2Content", "WindowsGame2\WindowsGame2Content\WindowsGame2Content.contentproj", "{C88C7664-D7B3-48F0-966B-A4D6A4110674}"
EndProject
Global
	GlobalSection(SolutionConfigurationPlatforms) = preSolution
		Debug|x86 = Debug|x86
		Release|x86 = Release|x86
	EndGlobalSection
	GlobalSection(ProjectConfigurationPlatforms) = postSolution
		{B762EF73-D099-4DAE-A1A7-184BBD7BE93B}.Debug|x86.ActiveCfg = Debug|x86
		{B762EF73-D099-4DAE-A1A7-184BBD7BE93B}.Debug|x86.Build.0 = Debug|x86
		{B762EF73-D099-4DAE-A1A7-184BBD7BE93B}.Release|x86.ActiveCfg = Release|x86
		{B762EF73-D099-4DAE-A1A7-184BBD7BE93B}.Release|x86.Build.0 = Release|x86
		{C88C7664-D7B3-48F0-966B-A4D6A4110674}.Debug|x86.ActiveCfg = Debug|x86
		{C88C7664-D7B3-48F0-966B-A4D6A4110674}.Release|x86.ActiveCfg = Release|x86
	EndGlobalSection
	GlobalSection(SolutionProperties) = preSolution
		HideSolutionNode = FALSE
	EndGlobalSection
EndGlobal
